// !$*UTF8*$!
{
	archiveVersion = 1;
	classes = {
	};
	objectVersion = 56;
	objects = {

/* Begin PBXBuildFile section */
		1808D30D2B62655D00545126 /* ListView.swift in Sources */ = {isa = PBXBuildFile; fileRef = 1808D30C2B62655D00545126 /* ListView.swift */; };
		1808D30F2B62656800545126 /* GridView.swift in Sources */ = {isa = PBXBuildFile; fileRef = 1808D30E2B62656800545126 /* GridView.swift */; };
		1853EEB72B5FA6C400F580FE /* Apple_FrameWorkApp.swift in Sources */ = {isa = PBXBuildFile; fileRef = 1853EEB62B5FA6C400F580FE /* Apple_FrameWorkApp.swift */; };
		1853EEB92B5FA6C400F580FE /* ContentView.swift in Sources */ = {isa = PBXBuildFile; fileRef = 1853EEB82B5FA6C400F580FE /* ContentView.swift */; };
		1853EEBE2B5FA6C800F580FE /* Preview Assets.xcassets in Resources */ = {isa = PBXBuildFile; fileRef = 1853EEBD2B5FA6C800F580FE /* Preview Assets.xcassets */; };
		1853EEC52B5FA9DC00F580FE /* Framework.swift in Sources */ = {isa = PBXBuildFile; fileRef = 1853EEC42B5FA9DC00F580FE /* Framework.swift */; };
		1853EF202B5FAE5800F580FE /* Assets.xcassets in Resources */ = {isa = PBXBuildFile; fileRef = 1853EF1F2B5FAE5800F580FE /* Assets.xcassets */; };
		1853EF222B60DD5900F580FE /* FrameworkDetailView.swift in Sources */ = {isa = PBXBuildFile; fileRef = 1853EF212B60DD5900F580FE /* FrameworkDetailView.swift */; };
		1853EF242B60E15E00F580FE /* AFButtonView.swift in Sources */ = {isa = PBXBuildFile; fileRef = 1853EF232B60E15E00F580FE /* AFButtonView.swift */; };
		187935CF2B624E92002B3F91 /* FrameworkGridViewModel.swift in Sources */ = {isa = PBXBuildFile; fileRef = 187935CE2B624E92002B3F91 /* FrameworkGridViewModel.swift */; };
		18CF92E62B6233D400E8EC15 /* SafariView.swift in Sources */ = {isa = PBXBuildFile; fileRef = 18CF92E52B6233D400E8EC15 /* SafariView.swift */; };
		18CF92E82B6243DB00E8EC15 /* FrameworkTitleView.swift in Sources */ = {isa = PBXBuildFile; fileRef = 18CF92E72B6243DB00E8EC15 /* FrameworkTitleView.swift */; };
		18CF92EA2B62472B00E8EC15 /* XDismissButton.swift in Sources */ = {isa = PBXBuildFile; fileRef = 18CF92E92B62472B00E8EC15 /* XDismissButton.swift */; };
/* End PBXBuildFile section */

/* Begin PBXFileReference section */
		1808D30C2B62655D00545126 /* ListView.swift */ = {isa = PBXFileReference; lastKnownFileType = sourcecode.swift; path = ListView.swift; sourceTree = "<group>"; };
		1808D30E2B62656800545126 /* GridView.swift */ = {isa = PBXFileReference; lastKnownFileType = sourcecode.swift; path = GridView.swift; sourceTree = "<group>"; };
		1853EEB32B5FA6C400F580FE /* Apple FrameWork.app */ = {isa = PBXFileReference; explicitFileType = wrapper.application; includeInIndex = 0; path = "Apple FrameWork.app"; sourceTree = BUILT_PRODUCTS_DIR; };
		1853EEB62B5FA6C400F580FE /* Apple_FrameWorkApp.swift */ = {isa = PBXFileReference; lastKnownFileType = sourcecode.swift; path = Apple_FrameWorkApp.swift; sourceTree = "<group>"; };
		1853EEB82B5FA6C400F580FE /* ContentView.swift */ = {isa = PBXFileReference; lastKnownFileType = sourcecode.swift; path = ContentView.swift; sourceTree = "<group>"; };
		1853EEBD2B5FA6C800F580FE /* Preview Assets.xcassets */ = {isa = PBXFileReference; lastKnownFileType = folder.assetcatalog; path = "Preview Assets.xcassets"; sourceTree = "<group>"; };
		1853EEC42B5FA9DC00F580FE /* Framework.swift */ = {isa = PBXFileReference; lastKnownFileType = sourcecode.swift; path = Framework.swift; sourceTree = "<group>"; };
		1853EF1F2B5FAE5800F580FE /* Assets.xcassets */ = {isa = PBXFileReference; lastKnownFileType = folder.assetcatalog; path = Assets.xcassets; sourceTree = "<group>"; };
		1853EF212B60DD5900F580FE /* FrameworkDetailView.swift */ = {isa = PBXFileReference; lastKnownFileType = sourcecode.swift; path = FrameworkDetailView.swift; sourceTree = "<group>"; };
		1853EF232B60E15E00F580FE /* AFButtonView.swift */ = {isa = PBXFileReference; lastKnownFileType = sourcecode.swift; path = AFButtonView.swift; sourceTree = "<group>"; };
		187935CE2B624E92002B3F91 /* FrameworkGridViewModel.swift */ = {isa = PBXFileReference; fileEncoding = 4; lastKnownFileType = sourcecode.swift; path = FrameworkGridViewModel.swift; sourceTree = "<group>"; };
		18CF92E52B6233D400E8EC15 /* SafariView.swift */ = {isa = PBXFileReference; lastKnownFileType = sourcecode.swift; path = SafariView.swift; sourceTree = "<group>"; };
		18CF92E72B6243DB00E8EC15 /* FrameworkTitleView.swift */ = {isa = PBXFileReference; lastKnownFileType = sourcecode.swift; path = FrameworkTitleView.swift; sourceTree = "<group>"; };
		18CF92E92B62472B00E8EC15 /* XDismissButton.swift */ = {isa = PBXFileReference; lastKnownFileType = sourcecode.swift; path = XDismissButton.swift; sourceTree = "<group>"; };
/* End PBXFileReference section */

/* Begin PBXFrameworksBuildPhase section */
		1853EEB02B5FA6C400F580FE /* Frameworks */ = {
			isa = PBXFrameworksBuildPhase;
			buildActionMask = 2147483647;
			files = (
			);
			runOnlyForDeploymentPostprocessing = 0;
		};
/* End PBXFrameworksBuildPhase section */

/* Begin PBXGroup section */
		1808D3072B6264AC00545126 /* Grid View */ = {
			isa = PBXGroup;
			children = (
				1808D30E2B62656800545126 /* GridView.swift */,
			);
			path = "Grid View";
			sourceTree = "<group>";
		};
		1808D3082B6264B400545126 /* ListView */ = {
			isa = PBXGroup;
			children = (
				1808D30C2B62655D00545126 /* ListView.swift */,
			);
			path = ListView;
			sourceTree = "<group>";
		};
		1808D3092B6264F900545126 /* MVVM */ = {
			isa = PBXGroup;
			children = (
				187935D22B624F79002B3F91 /* Model */,
				187935D32B624F8F002B3F91 /* View */,
				1808D30B2B62650A00545126 /* ViewModel */,
			);
			path = MVVM;
			sourceTree = "<group>";
		};
		1808D30B2B62650A00545126 /* ViewModel */ = {
			isa = PBXGroup;
			children = (
				187935CE2B624E92002B3F91 /* FrameworkGridViewModel.swift */,
			);
			path = ViewModel;
			sourceTree = "<group>";
		};
		1853EEAA2B5FA6C400F580FE = {
			isa = PBXGroup;
			children = (
				1853EEB52B5FA6C400F580FE /* Apple FrameWork */,
				1853EEB42B5FA6C400F580FE /* Products */,
			);
			sourceTree = "<group>";
		};
		1853EEB42B5FA6C400F580FE /* Products */ = {
			isa = PBXGroup;
			children = (
				1853EEB32B5FA6C400F580FE /* Apple FrameWork.app */,
			);
			name = Products;
			sourceTree = "<group>";
		};
		1853EEB52B5FA6C400F580FE /* Apple FrameWork */ = {
			isa = PBXGroup;
			children = (
				187935D52B624FF3002B3F91 /* UIKITComponents */,
				1808D3092B6264F900545126 /* MVVM */,
				1853EEB82B5FA6C400F580FE /* ContentView.swift */,
				1853EEB62B5FA6C400F580FE /* Apple_FrameWorkApp.swift */,
				1853EF1F2B5FAE5800F580FE /* Assets.xcassets */,
				1853EEBC2B5FA6C800F580FE /* Preview Content */,
			);
			path = "Apple FrameWork";
			sourceTree = "<group>";
		};
		1853EEBC2B5FA6C800F580FE /* Preview Content */ = {
			isa = PBXGroup;
			children = (
				1853EEBD2B5FA6C800F580FE /* Preview Assets.xcassets */,
			);
			path = "Preview Content";
			sourceTree = "<group>";
		};
		187935D22B624F79002B3F91 /* Model */ = {
			isa = PBXGroup;
			children = (
				1853EEC42B5FA9DC00F580FE /* Framework.swift */,
			);
			path = Model;
			sourceTree = "<group>";
		};
		187935D32B624F8F002B3F91 /* View */ = {
			isa = PBXGroup;
			children = (
				18CF92E72B6243DB00E8EC15 /* FrameworkTitleView.swift */,
				1853EF212B60DD5900F580FE /* FrameworkDetailView.swift */,
				1808D3082B6264B400545126 /* ListView */,
				1808D3072B6264AC00545126 /* Grid View */,
				187935D42B624FA0002B3F91 /* Button */,
			);
			path = View;
			sourceTree = "<group>";
		};
		187935D42B624FA0002B3F91 /* Button */ = {
			isa = PBXGroup;
			children = (
				1853EF232B60E15E00F580FE /* AFButtonView.swift */,
				18CF92E92B62472B00E8EC15 /* XDismissButton.swift */,
			);
			path = Button;
			sourceTree = "<group>";
		};
		187935D52B624FF3002B3F91 /* UIKITComponents */ = {
			isa = PBXGroup;
			children = (
				18CF92E52B6233D400E8EC15 /* SafariView.swift */,
			);
			path = UIKITComponents;
			sourceTree = "<group>";
		};
/* End PBXGroup section */

/* Begin PBXNativeTarget section */
		1853EEB22B5FA6C400F580FE /* Apple FrameWork */ = {
			isa = PBXNativeTarget;
			buildConfigurationList = 1853EEC12B5FA6C800F580FE /* Build configuration list for PBXNativeTarget "Apple FrameWork" */;
			buildPhases = (
				1853EEAF2B5FA6C400F580FE /* Sources */,
				1853EEB02B5FA6C400F580FE /* Frameworks */,
				1853EEB12B5FA6C400F580FE /* Resources */,
			);
			buildRules = (
			);
			dependencies = (
			);
			name = "Apple FrameWork";
			productName = "Apple FrameWork";
			productReference = 1853EEB32B5FA6C400F580FE /* Apple FrameWork.app */;
			productType = "com.apple.product-type.application";
		};
/* End PBXNativeTarget section */

/* Begin PBXProject section */
		1853EEAB2B5FA6C400F580FE /* Project object */ = {
			isa = PBXProject;
			attributes = {
				BuildIndependentTargetsInParallel = 1;
				LastSwiftUpdateCheck = 1420;
				LastUpgradeCheck = 1420;
				TargetAttributes = {
					1853EEB22B5FA6C400F580FE = {
						CreatedOnToolsVersion = 14.2;
					};
				};
			};
			buildConfigurationList = 1853EEAE2B5FA6C400F580FE /* Build configuration list for PBXProject "Apple FrameWork" */;
			compatibilityVersion = "Xcode 14.0";
			developmentRegion = en;
			hasScannedForEncodings = 0;
			knownRegions = (
				en,
				Base,
			);
			mainGroup = 1853EEAA2B5FA6C400F580FE;
			productRefGroup = 1853EEB42B5FA6C400F580FE /* Products */;
			projectDirPath = "";
			projectRoot = "";
			targets = (
				1853EEB22B5FA6C400F580FE /* Apple FrameWork */,
			);
		};
/* End PBXProject section */

/* Begin PBXResourcesBuildPhase section */
		1853EEB12B5FA6C400F580FE /* Resources */ = {
			isa = PBXResourcesBuildPhase;
			buildActionMask = 2147483647;
			files = (
				1853EF202B5FAE5800F580FE /* Assets.xcassets in Resources */,
				1853EEBE2B5FA6C800F580FE /* Preview Assets.xcassets in Resources */,
			);
			runOnlyForDeploymentPostprocessing = 0;
		};
/* End PBXResourcesBuildPhase section */

/* Begin PBXSourcesBuildPhase section */
		1853EEAF2B5FA6C400F580FE /* Sources */ = {
			isa = PBXSourcesBuildPhase;
			buildActionMask = 2147483647;
			files = (
				1853EF242B60E15E00F580FE /* AFButtonView.swift in Sources */,
				1853EF222B60DD5900F580FE /* FrameworkDetailView.swift in Sources */,
				1808D30D2B62655D00545126 /* ListView.swift in Sources */,
				1808D30F2B62656800545126 /* GridView.swift in Sources */,
				18CF92EA2B62472B00E8EC15 /* XDismissButton.swift in Sources */,
				187935CF2B624E92002B3F91 /* FrameworkGridViewModel.swift in Sources */,
				1853EEB92B5FA6C400F580FE /* ContentView.swift in Sources */,
				1853EEC52B5FA9DC00F580FE /* Framework.swift in Sources */,
				1853EEB72B5FA6C400F580FE /* Apple_FrameWorkApp.swift in Sources */,
				18CF92E82B6243DB00E8EC15 /* FrameworkTitleView.swift in Sources */,
				18CF92E62B6233D400E8EC15 /* SafariView.swift in Sources */,
			);
			runOnlyForDeploymentPostprocessing = 0;
		};
/* End PBXSourcesBuildPhase section */

/* Begin XCBuildConfiguration section */
		1853EEBF2B5FA6C800F580FE /* Debug */ = {
			isa = XCBuildConfiguration;
			buildSettings = {
				ALWAYS_SEARCH_USER_PATHS = NO;
				CLANG_ANALYZER_NONNULL = YES;
				CLANG_ANALYZER_NUMBER_OBJECT_CONVERSION = YES_AGGRESSIVE;
				CLANG_CXX_LANGUAGE_STANDARD = "gnu++20";
				CLANG_ENABLE_MODULES = YES;
				CLANG_ENABLE_OBJC_ARC = YES;
				CLANG_ENABLE_OBJC_WEAK = YES;
				CLANG_WARN_BLOCK_CAPTURE_AUTORELEASING = YES;
				CLANG_WARN_BOOL_CONVERSION = YES;
				CLANG_WARN_COMMA = YES;
				CLANG_WARN_CONSTANT_CONVERSION = YES;
				CLANG_WARN_DEPRECATED_OBJC_IMPLEMENTATIONS = YES;
				CLANG_WARN_DIRECT_OBJC_ISA_USAGE = YES_ERROR;
				CLANG_WARN_DOCUMENTATION_COMMENTS = YES;
				CLANG_WARN_EMPTY_BODY = YES;
				CLANG_WARN_ENUM_CONVERSION = YES;
				CLANG_WARN_INFINITE_RECURSION = YES;
				CLANG_WARN_INT_CONVERSION = YES;
				CLANG_WARN_NON_LITERAL_NULL_CONVERSION = YES;
				CLANG_WARN_OBJC_IMPLICIT_RETAIN_SELF = YES;
				CLANG_WARN_OBJC_LITERAL_CONVERSION = YES;
				CLANG_WARN_OBJC_ROOT_CLASS = YES_ERROR;
				CLANG_WARN_QUOTED_INCLUDE_IN_FRAMEWORK_HEADER = YES;
				CLANG_WARN_RANGE_LOOP_ANALYSIS = YES;
				CLANG_WARN_STRICT_PROTOTYPES = YES;
				CLANG_WARN_SUSPICIOUS_MOVE = YES;
				CLANG_WARN_UNGUARDED_AVAILABILITY = YES_AGGRESSIVE;
				CLANG_WARN_UNREACHABLE_CODE = YES;
				CLANG_WARN__DUPLICATE_METHOD_MATCH = YES;
				COPY_PHASE_STRIP = NO;
				DEBUG_INFORMATION_FORMAT = dwarf;
				ENABLE_STRICT_OBJC_MSGSEND = YES;
				ENABLE_TESTABILITY = YES;
				GCC_C_LANGUAGE_STANDARD = gnu11;
				GCC_DYNAMIC_NO_PIC = NO;
				GCC_NO_COMMON_BLOCKS = YES;
				GCC_OPTIMIZATION_LEVEL = 0;
				GCC_PREPROCESSOR_DEFINITIONS = (
					"DEBUG=1",
					"$(inherited)",
				);
				GCC_WARN_64_TO_32_BIT_CONVERSION = YES;
				GCC_WARN_ABOUT_RETURN_TYPE = YES_ERROR;
				GCC_WARN_UNDECLARED_SELECTOR = YES;
				GCC_WARN_UNINITIALIZED_AUTOS = YES_AGGRESSIVE;
				GCC_WARN_UNUSED_FUNCTION = YES;
				GCC_WARN_UNUSED_VARIABLE = YES;
				IPHONEOS_DEPLOYMENT_TARGET = 16.2;
				MTL_ENABLE_DEBUG_INFO = INCLUDE_SOURCE;
				MTL_FAST_MATH = YES;
				ONLY_ACTIVE_ARCH = YES;
				SDKROOT = iphoneos;
				SWIFT_ACTIVE_COMPILATION_CONDITIONS = DEBUG;
				SWIFT_OPTIMIZATION_LEVEL = "-Onone";
			};
			name = Debug;
		};
		1853EEC02B5FA6C800F580FE /* Release */ = {
			isa = XCBuildConfiguration;
			buildSettings = {
				ALWAYS_SEARCH_USER_PATHS = NO;
				CLANG_ANALYZER_NONNULL = YES;
				CLANG_ANALYZER_NUMBER_OBJECT_CONVERSION = YES_AGGRESSIVE;
				CLANG_CXX_LANGUAGE_STANDARD = "gnu++20";
				CLANG_ENABLE_MODULES = YES;
				CLANG_ENABLE_OBJC_ARC = YES;
				CLANG_ENABLE_OBJC_WEAK = YES;
				CLANG_WARN_BLOCK_CAPTURE_AUTORELEASING = YES;
				CLANG_WARN_BOOL_CONVERSION = YES;
				CLANG_WARN_COMMA = YES;
				CLANG_WARN_CONSTANT_CONVERSION = YES;
				CLANG_WARN_DEPRECATED_OBJC_IMPLEMENTATIONS = YES;
				CLANG_WARN_DIRECT_OBJC_ISA_USAGE = YES_ERROR;
				CLANG_WARN_DOCUMENTATION_COMMENTS = YES;
				CLANG_WARN_EMPTY_BODY = YES;
				CLANG_WARN_ENUM_CONVERSION = YES;
				CLANG_WARN_INFINITE_RECURSION = YES;
				CLANG_WARN_INT_CONVERSION = YES;
				CLANG_WARN_NON_LITERAL_NULL_CONVERSION = YES;
				CLANG_WARN_OBJC_IMPLICIT_RETAIN_SELF = YES;
				CLANG_WARN_OBJC_LITERAL_CONVERSION = YES;
				CLANG_WARN_OBJC_ROOT_CLASS = YES_ERROR;
				CLANG_WARN_QUOTED_INCLUDE_IN_FRAMEWORK_HEADER = YES;
				CLANG_WARN_RANGE_LOOP_ANALYSIS = YES;
				CLANG_WARN_STRICT_PROTOTYPES = YES;
				CLANG_WARN_SUSPICIOUS_MOVE = YES;
				CLANG_WARN_UNGUARDED_AVAILABILITY = YES_AGGRESSIVE;
				CLANG_WARN_UNREACHABLE_CODE = YES;
				CLANG_WARN__DUPLICATE_METHOD_MATCH = YES;
				COPY_PHASE_STRIP = NO;
				DEBUG_INFORMATION_FORMAT = "dwarf-with-dsym";
				ENABLE_NS_ASSERTIONS = NO;
				ENABLE_STRICT_OBJC_MSGSEND = YES;
				GCC_C_LANGUAGE_STANDARD = gnu11;
				GCC_NO_COMMON_BLOCKS = YES;
				GCC_WARN_64_TO_32_BIT_CONVERSION = YES;
				GCC_WARN_ABOUT_RETURN_TYPE = YES_ERROR;
				GCC_WARN_UNDECLARED_SELECTOR = YES;
				GCC_WARN_UNINITIALIZED_AUTOS = YES_AGGRESSIVE;
				GCC_WARN_UNUSED_FUNCTION = YES;
				GCC_WARN_UNUSED_VARIABLE = YES;
				IPHONEOS_DEPLOYMENT_TARGET = 16.2;
				MTL_ENABLE_DEBUG_INFO = NO;
				MTL_FAST_MATH = YES;
				SDKROOT = iphoneos;
				SWIFT_COMPILATION_MODE = wholemodule;
				SWIFT_OPTIMIZATION_LEVEL = "-O";
				VALIDATE_PRODUCT = YES;
			};
			name = Release;
		};
		1853EEC22B5FA6C800F580FE /* Debug */ = {
			isa = XCBuildConfiguration;
			buildSettings = {
				ASSETCATALOG_COMPILER_APPICON_NAME = AppIcon;
				ASSETCATALOG_COMPILER_GLOBAL_ACCENT_COLOR_NAME = AccentColor;
				CODE_SIGN_STYLE = Automatic;
				CURRENT_PROJECT_VERSION = 1;
				DEVELOPMENT_ASSET_PATHS = "\"Apple FrameWork/Preview Content\"";
				DEVELOPMENT_TEAM = U9L575X827;
				ENABLE_PREVIEWS = YES;
				GENERATE_INFOPLIST_FILE = YES;
				INFOPLIST_KEY_UIApplicationSceneManifest_Generation = YES;
				INFOPLIST_KEY_UIApplicationSupportsIndirectInputEvents = YES;
				INFOPLIST_KEY_UILaunchScreen_Generation = YES;
				INFOPLIST_KEY_UISupportedInterfaceOrientations_iPad = "UIInterfaceOrientationPortrait UIInterfaceOrientationPortraitUpsideDown UIInterfaceOrientationLandscapeLeft UIInterfaceOrientationLandscapeRight";
				INFOPLIST_KEY_UISupportedInterfaceOrientations_iPhone = "UIInterfaceOrientationPortrait UIInterfaceOrientationLandscapeLeft UIInterfaceOrientationLandscapeRight";
				LD_RUNPATH_SEARCH_PATHS = (
					"$(inherited)",
					"@executable_path/Frameworks",
				);
				MARKETING_VERSION = 1.0;
				PRODUCT_BUNDLE_IDENTIFIER = "s.Apple-FrameWork";
				PRODUCT_NAME = "$(TARGET_NAME)";
				SWIFT_EMIT_LOC_STRINGS = YES;
				SWIFT_VERSION = 5.0;
				TARGETED_DEVICE_FAMILY = "1,2";
			};
			name = Debug;
		};
		1853EEC32B5FA6C800F580FE /* Release */ = {
			isa = XCBuildConfiguration;
			buildSettings = {
				ASSETCATALOG_COMPILER_APPICON_NAME = AppIcon;
				ASSETCATALOG_COMPILER_GLOBAL_ACCENT_COLOR_NAME = AccentColor;
				CODE_SIGN_STYLE = Automatic;
				CURRENT_PROJECT_VERSION = 1;
				DEVELOPMENT_ASSET_PATHS = "\"Apple FrameWork/Preview Content\"";
				DEVELOPMENT_TEAM = U9L575X827;
				ENABLE_PREVIEWS = YES;
				GENERATE_INFOPLIST_FILE = YES;
				INFOPLIST_KEY_UIApplicationSceneManifest_Generation = YES;
				INFOPLIST_KEY_UIApplicationSupportsIndirectInputEvents = YES;
				INFOPLIST_KEY_UILaunchScreen_Generation = YES;
				INFOPLIST_KEY_UISupportedInterfaceOrientations_iPad = "UIInterfaceOrientationPortrait UIInterfaceOrientationPortraitUpsideDown UIInterfaceOrientationLandscapeLeft UIInterfaceOrientationLandscapeRight";
				INFOPLIST_KEY_UISupportedInterfaceOrientations_iPhone = "UIInterfaceOrientationPortrait UIInterfaceOrientationLandscapeLeft UIInterfaceOrientationLandscapeRight";
				LD_RUNPATH_SEARCH_PATHS = (
					"$(inherited)",
					"@executable_path/Frameworks",
				);
				MARKETING_VERSION = 1.0;
				PRODUCT_BUNDLE_IDENTIFIER = "s.Apple-FrameWork";
				PRODUCT_NAME = "$(TARGET_NAME)";
				SWIFT_EMIT_LOC_STRINGS = YES;
				SWIFT_VERSION = 5.0;
				TARGETED_DEVICE_FAMILY = "1,2";
			};
			name = Release;
		};
/* End XCBuildConfiguration section */

/* Begin XCConfigurationList section */
		1853EEAE2B5FA6C400F580FE /* Build configuration list for PBXProject "Apple FrameWork" */ = {
			isa = XCConfigurationList;
			buildConfigurations = (
				1853EEBF2B5FA6C800F580FE /* Debug */,
				1853EEC02B5FA6C800F580FE /* Release */,
			);
			defaultConfigurationIsVisible = 0;
			defaultConfigurationName = Release;
		};
		1853EEC12B5FA6C800F580FE /* Build configuration list for PBXNativeTarget "Apple FrameWork" */ = {
			isa = XCConfigurationList;
			buildConfigurations = (
				1853EEC22B5FA6C800F580FE /* Debug */,
				1853EEC32B5FA6C800F580FE /* Release */,
			);
			defaultConfigurationIsVisible = 0;
			defaultConfigurationName = Release;
		};
/* End XCConfigurationList section */
	};
	rootObject = 1853EEAB2B5FA6C400F580FE /* Project object */;
}
